
Microsoft Visual Studio Solution File, Format Version 10.00
# Visual Studio 2008
Project("{FAE04EC0-301F-11D3-BF4B-00C04F79EFBC}") = "QuanLyHocSinh", "QuanLyHocSinh\QuanLyHocSinh.csproj", "{C66BCBCC-87B2-48AF-947A-2651D53C0681}"
EndProject
Global
	GlobalSection(SolutionConfigurationPlatforms) = preSolution
		Debug|Any CPU = Debug|Any CPU
		Release|Any CPU = Release|Any CPU
	EndGlobalSection
	GlobalSection(ProjectConfigurationPlatforms) = postSolution
		{C66BCBCC-87B2-48AF-947A-2651D53C0681}.Debug|Any CPU.ActiveCfg = Debug|Any CPU
		{C66BCBCC-87B2-48AF-947A-2651D53C0681}.Debug|Any CPU.Build.0 = Debug|Any CPU
		{C66BCBCC-87B2-48AF-947A-2651D53C0681}.Release|Any CPU.ActiveCfg = Release|Any CPU
		{C66BCBCC-87B2-48AF-947A-2651D53C0681}.Release|Any CPU.Build.0 = Release|Any CPU
	EndGlobalSection
	GlobalSection(SolutionProperties) = preSolution
		HideSolutionNode = FALSE
	EndGlobalSection
EndGlobal
